PODS:
  - TabPageViewController (0.2.2)

DEPENDENCIES:
  - TabPageViewController (from `../`)

EXTERNAL SOURCES:
  TabPageViewController:
    :path: "../"

SPEC CHECKSUMS:
  TabPageViewController: e299cabcb77a7b1b6904ce4bfc21a7fb04c38538

PODFILE CHECKSUM: c89aa29eb2512beb35023823685d4e0cd94d0c01

COCOAPODS: 1.1.1
