PODS:
  - TabPageViewController (0.2.0)

DEPENDENCIES:
  - TabPageViewController (from `../`)

EXTERNAL SOURCES:
  TabPageViewController:
    :path: "../"

SPEC CHECKSUMS:
  TabPageViewController: bbf6e2a15bfbd7ccfc269daf182d9d0e8815ba13

PODFILE CHECKSUM: 60124acb3a376c7ec56c5de0c6203ae90b0f48f5

COCOAPODS: 1.0.1
