PODS:
  - TabPageViewController (0.2.1)

DEPENDENCIES:
  - TabPageViewController (from `../`)

EXTERNAL SOURCES:
  TabPageViewController:
    :path: "../"

SPEC CHECKSUMS:
  TabPageViewController: a4b46480e21251000962abad071b538679dbc2ad

PODFILE CHECKSUM: 60124acb3a376c7ec56c5de0c6203ae90b0f48f5

COCOAPODS: 1.0.1
